// !$*UTF8*$!
{
	archiveVersion = 1;
	classes = {
	};
	objectVersion = 46;
	objects = {

/* Begin PBXBuildFile section */
		A99404EE1BE18FDF00583A52 /* DetailViewController.swift in Sources */ = {isa = PBXBuildFile; fileRef = A99404ED1BE18FDF00583A52 /* DetailViewController.swift */; };
		A9E80F2F1BDEBF29004B56C1 /* AppDelegate.swift in Sources */ = {isa = PBXBuildFile; fileRef = A9E80F2E1BDEBF29004B56C1 /* AppDelegate.swift */; };
		A9E80F311BDEBF29004B56C1 /* HomeViewController.swift in Sources */ = {isa = PBXBuildFile; fileRef = A9E80F301BDEBF29004B56C1 /* HomeViewController.swift */; };
		A9E80F341BDEBF29004B56C1 /* Main.storyboard in Resources */ = {isa = PBXBuildFile; fileRef = A9E80F321BDEBF29004B56C1 /* Main.storyboard */; };
		A9E80F361BDEBF29004B56C1 /* Images.xcassets in Resources */ = {isa = PBXBuildFile; fileRef = A9E80F351BDEBF29004B56C1 /* Images.xcassets */; };
		A9E80F391BDEBF29004B56C1 /* LaunchScreen.xib in Resources */ = {isa = PBXBuildFile; fileRef = A9E80F371BDEBF29004B56C1 /* LaunchScreen.xib */; };
		A9E80F451BDEBF29004B56C1 /* TwitterCFTests.swift in Sources */ = {isa = PBXBuildFile; fileRef = A9E80F441BDEBF29004B56C1 /* TwitterCFTests.swift */; };
		A9E80F4F1BDEC227004B56C1 /* Tweet.swift in Sources */ = {isa = PBXBuildFile; fileRef = A9E80F4E1BDEC227004B56C1 /* Tweet.swift */; };
		A9E80F511BDEC2F4004B56C1 /* TweetJSONParser.swift in Sources */ = {isa = PBXBuildFile; fileRef = A9E80F501BDEC2F4004B56C1 /* TweetJSONParser.swift */; };
		A9E80F531BDED505004B56C1 /* tweet.json in Resources */ = {isa = PBXBuildFile; fileRef = A9E80F521BDED505004B56C1 /* tweet.json */; };
		A9F8D1471BDFE6BF00E1F8CB /* LoginService.swift in Sources */ = {isa = PBXBuildFile; fileRef = A9F8D1461BDFE6BF00E1F8CB /* LoginService.swift */; };
		A9F8D1491BE0388700E1F8CB /* TwitterService.swift in Sources */ = {isa = PBXBuildFile; fileRef = A9F8D1481BE0388700E1F8CB /* TwitterService.swift */; };
		A9F8D14B1BE038E000E1F8CB /* User.swift in Sources */ = {isa = PBXBuildFile; fileRef = A9F8D14A1BE038E000E1F8CB /* User.swift */; };
/* End PBXBuildFile section */

/* Begin PBXContainerItemProxy section */
		A9E80F3F1BDEBF29004B56C1 /* PBXContainerItemProxy */ = {
			isa = PBXContainerItemProxy;
			containerPortal = A9E80F211BDEBF28004B56C1 /* Project object */;
			proxyType = 1;
			remoteGlobalIDString = A9E80F281BDEBF29004B56C1;
			remoteInfo = TwitterCF;
		};
/* End PBXContainerItemProxy section */

/* Begin PBXFileReference section */
		A99404ED1BE18FDF00583A52 /* DetailViewController.swift */ = {isa = PBXFileReference; fileEncoding = 4; lastKnownFileType = sourcecode.swift; path = DetailViewController.swift; sourceTree = "<group>"; };
		A99404EF1BE1D70E00583A52 /* CodeChallenges.playground */ = {isa = PBXFileReference; lastKnownFileType = file.playground; path = CodeChallenges.playground; sourceTree = "<group>"; };
		A9E80F291BDEBF29004B56C1 /* TwitterCF.app */ = {isa = PBXFileReference; explicitFileType = wrapper.application; includeInIndex = 0; path = TwitterCF.app; sourceTree = BUILT_PRODUCTS_DIR; };
		A9E80F2D1BDEBF29004B56C1 /* Info.plist */ = {isa = PBXFileReference; lastKnownFileType = text.plist.xml; path = Info.plist; sourceTree = "<group>"; };
		A9E80F2E1BDEBF29004B56C1 /* AppDelegate.swift */ = {isa = PBXFileReference; lastKnownFileType = sourcecode.swift; path = AppDelegate.swift; sourceTree = "<group>"; };
		A9E80F301BDEBF29004B56C1 /* HomeViewController.swift */ = {isa = PBXFileReference; lastKnownFileType = sourcecode.swift; path = HomeViewController.swift; sourceTree = "<group>"; };
		A9E80F331BDEBF29004B56C1 /* Base */ = {isa = PBXFileReference; lastKnownFileType = file.storyboard; name = Base; path = Base.lproj/Main.storyboard; sourceTree = "<group>"; };
		A9E80F351BDEBF29004B56C1 /* Images.xcassets */ = {isa = PBXFileReference; lastKnownFileType = folder.assetcatalog; path = Images.xcassets; sourceTree = "<group>"; };
		A9E80F381BDEBF29004B56C1 /* Base */ = {isa = PBXFileReference; lastKnownFileType = file.xib; name = Base; path = Base.lproj/LaunchScreen.xib; sourceTree = "<group>"; };
		A9E80F3E1BDEBF29004B56C1 /* TwitterCFTests.xctest */ = {isa = PBXFileReference; explicitFileType = wrapper.cfbundle; includeInIndex = 0; path = TwitterCFTests.xctest; sourceTree = BUILT_PRODUCTS_DIR; };
		A9E80F431BDEBF29004B56C1 /* Info.plist */ = {isa = PBXFileReference; lastKnownFileType = text.plist.xml; path = Info.plist; sourceTree = "<group>"; };
		A9E80F441BDEBF29004B56C1 /* TwitterCFTests.swift */ = {isa = PBXFileReference; lastKnownFileType = sourcecode.swift; path = TwitterCFTests.swift; sourceTree = "<group>"; };
		A9E80F4E1BDEC227004B56C1 /* Tweet.swift */ = {isa = PBXFileReference; fileEncoding = 4; lastKnownFileType = sourcecode.swift; path = Tweet.swift; sourceTree = "<group>"; };
		A9E80F501BDEC2F4004B56C1 /* TweetJSONParser.swift */ = {isa = PBXFileReference; fileEncoding = 4; lastKnownFileType = sourcecode.swift; path = TweetJSONParser.swift; sourceTree = "<group>"; };
		A9E80F521BDED505004B56C1 /* tweet.json */ = {isa = PBXFileReference; fileEncoding = 4; lastKnownFileType = text.json; path = tweet.json; sourceTree = "<group>"; };
		A9F8D1461BDFE6BF00E1F8CB /* LoginService.swift */ = {isa = PBXFileReference; fileEncoding = 4; lastKnownFileType = sourcecode.swift; path = LoginService.swift; sourceTree = "<group>"; };
		A9F8D1481BE0388700E1F8CB /* TwitterService.swift */ = {isa = PBXFileReference; fileEncoding = 4; lastKnownFileType = sourcecode.swift; path = TwitterService.swift; sourceTree = "<group>"; };
		A9F8D14A1BE038E000E1F8CB /* User.swift */ = {isa = PBXFileReference; fileEncoding = 4; lastKnownFileType = sourcecode.swift; path = User.swift; sourceTree = "<group>"; };
/* End PBXFileReference section */

/* Begin PBXFrameworksBuildPhase section */
		A9E80F261BDEBF29004B56C1 /* Frameworks */ = {
			isa = PBXFrameworksBuildPhase;
			buildActionMask = 2147483647;
			files = (
			);
			runOnlyForDeploymentPostprocessing = 0;
		};
		A9E80F3B1BDEBF29004B56C1 /* Frameworks */ = {
			isa = PBXFrameworksBuildPhase;
			buildActionMask = 2147483647;
			files = (
			);
			runOnlyForDeploymentPostprocessing = 0;
		};
/* End PBXFrameworksBuildPhase section */

/* Begin PBXGroup section */
		A9E80F201BDEBF28004B56C1 = {
			isa = PBXGroup;
			children = (
				A9E80F2B1BDEBF29004B56C1 /* TwitterCF */,
				A9E80F411BDEBF29004B56C1 /* TwitterCFTests */,
				A9E80F2A1BDEBF29004B56C1 /* Products */,
			);
			sourceTree = "<group>";
		};
		A9E80F2A1BDEBF29004B56C1 /* Products */ = {
			isa = PBXGroup;
			children = (
				A9E80F291BDEBF29004B56C1 /* TwitterCF.app */,
				A9E80F3E1BDEBF29004B56C1 /* TwitterCFTests.xctest */,
			);
			name = Products;
			sourceTree = "<group>";
		};
		A9E80F2B1BDEBF29004B56C1 /* TwitterCF */ = {
			isa = PBXGroup;
			children = (
				A9E80F2E1BDEBF29004B56C1 /* AppDelegate.swift */,
				A9E80F301BDEBF29004B56C1 /* HomeViewController.swift */,
				A99404ED1BE18FDF00583A52 /* DetailViewController.swift */,
				A9F8D14C1BE065F400E1F8CB /* Models */,
				A9E80F321BDEBF29004B56C1 /* Main.storyboard */,
				A9E80F351BDEBF29004B56C1 /* Images.xcassets */,
				A9E80F371BDEBF29004B56C1 /* LaunchScreen.xib */,
				A9E80F2C1BDEBF29004B56C1 /* Supporting Files */,
			);
			path = TwitterCF;
			sourceTree = "<group>";
		};
		A9E80F2C1BDEBF29004B56C1 /* Supporting Files */ = {
			isa = PBXGroup;
			children = (
				A9E80F521BDED505004B56C1 /* tweet.json */,
				A9E80F2D1BDEBF29004B56C1 /* Info.plist */,
			);
			name = "Supporting Files";
			sourceTree = "<group>";
		};
		A9E80F411BDEBF29004B56C1 /* TwitterCFTests */ = {
			isa = PBXGroup;
			children = (
				A9E80F441BDEBF29004B56C1 /* TwitterCFTests.swift */,
				A9E80F421BDEBF29004B56C1 /* Supporting Files */,
			);
			path = TwitterCFTests;
			sourceTree = "<group>";
		};
		A9E80F421BDEBF29004B56C1 /* Supporting Files */ = {
			isa = PBXGroup;
			children = (
				A9E80F431BDEBF29004B56C1 /* Info.plist */,
			);
			name = "Supporting Files";
			sourceTree = "<group>";
		};
		A9F8D14C1BE065F400E1F8CB /* Models */ = {
			isa = PBXGroup;
			children = (
				A9F8D1461BDFE6BF00E1F8CB /* LoginService.swift */,
				A9F8D1481BE0388700E1F8CB /* TwitterService.swift */,
				A9E80F501BDEC2F4004B56C1 /* TweetJSONParser.swift */,
				A9E80F4E1BDEC227004B56C1 /* Tweet.swift */,
				A9F8D14A1BE038E000E1F8CB /* User.swift */,
				A99404EF1BE1D70E00583A52 /* CodeChallenges.playground */,
			);
			name = Models;
			sourceTree = "<group>";
		};
/* End PBXGroup section */

/* Begin PBXNativeTarget section */
		A9E80F281BDEBF29004B56C1 /* TwitterCF */ = {
			isa = PBXNativeTarget;
			buildConfigurationList = A9E80F481BDEBF29004B56C1 /* Build configuration list for PBXNativeTarget "TwitterCF" */;
			buildPhases = (
				A9E80F251BDEBF29004B56C1 /* Sources */,
				A9E80F261BDEBF29004B56C1 /* Frameworks */,
				A9E80F271BDEBF29004B56C1 /* Resources */,
			);
			buildRules = (
			);
			dependencies = (
			);
			name = TwitterCF;
			productName = TwitterCF;
			productReference = A9E80F291BDEBF29004B56C1 /* TwitterCF.app */;
			productType = "com.apple.product-type.application";
		};
		A9E80F3D1BDEBF29004B56C1 /* TwitterCFTests */ = {
			isa = PBXNativeTarget;
			buildConfigurationList = A9E80F4B1BDEBF29004B56C1 /* Build configuration list for PBXNativeTarget "TwitterCFTests" */;
			buildPhases = (
				A9E80F3A1BDEBF29004B56C1 /* Sources */,
				A9E80F3B1BDEBF29004B56C1 /* Frameworks */,
				A9E80F3C1BDEBF29004B56C1 /* Resources */,
			);
			buildRules = (
			);
			dependencies = (
				A9E80F401BDEBF29004B56C1 /* PBXTargetDependency */,
			);
			name = TwitterCFTests;
			productName = TwitterCFTests;
			productReference = A9E80F3E1BDEBF29004B56C1 /* TwitterCFTests.xctest */;
			productType = "com.apple.product-type.bundle.unit-test";
		};
/* End PBXNativeTarget section */

/* Begin PBXProject section */
		A9E80F211BDEBF28004B56C1 /* Project object */ = {
			isa = PBXProject;
			attributes = {
				LastSwiftUpdateCheck = 0710;
				LastUpgradeCheck = 0710;
				ORGANIZATIONNAME = HoodsDream;
				TargetAttributes = {
					A9E80F281BDEBF29004B56C1 = {
						CreatedOnToolsVersion = 6.2;
					};
					A9E80F3D1BDEBF29004B56C1 = {
						CreatedOnToolsVersion = 6.2;
						TestTargetID = A9E80F281BDEBF29004B56C1;
					};
				};
			};
			buildConfigurationList = A9E80F241BDEBF28004B56C1 /* Build configuration list for PBXProject "TwitterCF" */;
			compatibilityVersion = "Xcode 3.2";
			developmentRegion = English;
			hasScannedForEncodings = 0;
			knownRegions = (
				en,
				Base,
			);
			mainGroup = A9E80F201BDEBF28004B56C1;
			productRefGroup = A9E80F2A1BDEBF29004B56C1 /* Products */;
			projectDirPath = "";
			projectRoot = "";
			targets = (
				A9E80F281BDEBF29004B56C1 /* TwitterCF */,
				A9E80F3D1BDEBF29004B56C1 /* TwitterCFTests */,
			);
		};
/* End PBXProject section */

/* Begin PBXResourcesBuildPhase section */
		A9E80F271BDEBF29004B56C1 /* Resources */ = {
			isa = PBXResourcesBuildPhase;
			buildActionMask = 2147483647;
			files = (
				A9E80F341BDEBF29004B56C1 /* Main.storyboard in Resources */,
				A9E80F391BDEBF29004B56C1 /* LaunchScreen.xib in Resources */,
				A9E80F361BDEBF29004B56C1 /* Images.xcassets in Resources */,
				A9E80F531BDED505004B56C1 /* tweet.json in Resources */,
			);
			runOnlyForDeploymentPostprocessing = 0;
		};
		A9E80F3C1BDEBF29004B56C1 /* Resources */ = {
			isa = PBXResourcesBuildPhase;
			buildActionMask = 2147483647;
			files = (
			);
			runOnlyForDeploymentPostprocessing = 0;
		};
/* End PBXResourcesBuildPhase section */

/* Begin PBXSourcesBuildPhase section */
		A9E80F251BDEBF29004B56C1 /* Sources */ = {
			isa = PBXSourcesBuildPhase;
			buildActionMask = 2147483647;
			files = (
				A9E80F511BDEC2F4004B56C1 /* TweetJSONParser.swift in Sources */,
				A9F8D1471BDFE6BF00E1F8CB /* LoginService.swift in Sources */,
				A9E80F4F1BDEC227004B56C1 /* Tweet.swift in Sources */,
				A9E80F311BDEBF29004B56C1 /* HomeViewController.swift in Sources */,
				A9E80F2F1BDEBF29004B56C1 /* AppDelegate.swift in Sources */,
				A9F8D1491BE0388700E1F8CB /* TwitterService.swift in Sources */,
				A9F8D14B1BE038E000E1F8CB /* User.swift in Sources */,
				A99404EE1BE18FDF00583A52 /* DetailViewController.swift in Sources */,
			);
			runOnlyForDeploymentPostprocessing = 0;
		};
		A9E80F3A1BDEBF29004B56C1 /* Sources */ = {
			isa = PBXSourcesBuildPhase;
			buildActionMask = 2147483647;
			files = (
				A9E80F451BDEBF29004B56C1 /* TwitterCFTests.swift in Sources */,
			);
			runOnlyForDeploymentPostprocessing = 0;
		};
/* End PBXSourcesBuildPhase section */

/* Begin PBXTargetDependency section */
		A9E80F401BDEBF29004B56C1 /* PBXTargetDependency */ = {
			isa = PBXTargetDependency;
			target = A9E80F281BDEBF29004B56C1 /* TwitterCF */;
			targetProxy = A9E80F3F1BDEBF29004B56C1 /* PBXContainerItemProxy */;
		};
/* End PBXTargetDependency section */

/* Begin PBXVariantGroup section */
		A9E80F321BDEBF29004B56C1 /* Main.storyboard */ = {
			isa = PBXVariantGroup;
			children = (
				A9E80F331BDEBF29004B56C1 /* Base */,
			);
			name = Main.storyboard;
			sourceTree = "<group>";
		};
		A9E80F371BDEBF29004B56C1 /* LaunchScreen.xib */ = {
			isa = PBXVariantGroup;
			children = (
				A9E80F381BDEBF29004B56C1 /* Base */,
			);
			name = LaunchScreen.xib;
			sourceTree = "<group>";
		};
/* End PBXVariantGroup section */

/* Begin XCBuildConfiguration section */
		A9E80F461BDEBF29004B56C1 /* Debug */ = {
			isa = XCBuildConfiguration;
			buildSettings = {
				ALWAYS_SEARCH_USER_PATHS = NO;
				CLANG_CXX_LANGUAGE_STANDARD = "gnu++0x";
				CLANG_CXX_LIBRARY = "libc++";
				CLANG_ENABLE_MODULES = YES;
				CLANG_ENABLE_OBJC_ARC = YES;
				CLANG_WARN_BOOL_CONVERSION = YES;
				CLANG_WARN_CONSTANT_CONVERSION = YES;
				CLANG_WARN_DIRECT_OBJC_ISA_USAGE = YES_ERROR;
				CLANG_WARN_EMPTY_BODY = YES;
				CLANG_WARN_ENUM_CONVERSION = YES;
				CLANG_WARN_INT_CONVERSION = YES;
				CLANG_WARN_OBJC_ROOT_CLASS = YES_ERROR;
				CLANG_WARN_UNREACHABLE_CODE = YES;
				CLANG_WARN__DUPLICATE_METHOD_MATCH = YES;
				"CODE_SIGN_IDENTITY[sdk=iphoneos*]" = "iPhone Developer";
				COPY_PHASE_STRIP = NO;
				ENABLE_STRICT_OBJC_MSGSEND = YES;
				ENABLE_TESTABILITY = YES;
				GCC_C_LANGUAGE_STANDARD = gnu99;
				GCC_DYNAMIC_NO_PIC = NO;
				GCC_OPTIMIZATION_LEVEL = 0;
				GCC_PREPROCESSOR_DEFINITIONS = (
					"DEBUG=1",
					"$(inherited)",
				);
				GCC_SYMBOLS_PRIVATE_EXTERN = NO;
				GCC_WARN_64_TO_32_BIT_CONVERSION = YES;
				GCC_WARN_ABOUT_RETURN_TYPE = YES_ERROR;
				GCC_WARN_UNDECLARED_SELECTOR = YES;
				GCC_WARN_UNINITIALIZED_AUTOS = YES_AGGRESSIVE;
				GCC_WARN_UNUSED_FUNCTION = YES;
				GCC_WARN_UNUSED_VARIABLE = YES;
				IPHONEOS_DEPLOYMENT_TARGET = 8.2;
				MTL_ENABLE_DEBUG_INFO = YES;
				ONLY_ACTIVE_ARCH = YES;
				SDKROOT = iphoneos;
				SWIFT_OPTIMIZATION_LEVEL = "-Onone";
			};
			name = Debug;
		};
		A9E80F471BDEBF29004B56C1 /* Release */ = {
			isa = XCBuildConfiguration;
			buildSettings = {
				ALWAYS_SEARCH_USER_PATHS = NO;
				CLANG_CXX_LANGUAGE_STANDARD = "gnu++0x";
				CLANG_CXX_LIBRARY = "libc++";
				CLANG_ENABLE_MODULES = YES;
				CLANG_ENABLE_OBJC_ARC = YES;
				CLANG_WARN_BOOL_CONVERSION = YES;
				CLANG_WARN_CONSTANT_CONVERSION = YES;
				CLANG_WARN_DIRECT_OBJC_ISA_USAGE = YES_ERROR;
				CLANG_WARN_EMPTY_BODY = YES;
				CLANG_WARN_ENUM_CONVERSION = YES;
				CLANG_WARN_INT_CONVERSION = YES;
				CLANG_WARN_OBJC_ROOT_CLASS = YES_ERROR;
				CLANG_WARN_UNREACHABLE_CODE = YES;
				CLANG_WARN__DUPLICATE_METHOD_MATCH = YES;
				"CODE_SIGN_IDENTITY[sdk=iphoneos*]" = "iPhone Developer";
				COPY_PHASE_STRIP = NO;
				ENABLE_NS_ASSERTIONS = NO;
				ENABLE_STRICT_OBJC_MSGSEND = YES;
				GCC_C_LANGUAGE_STANDARD = gnu99;
				GCC_WARN_64_TO_32_BIT_CONVERSION = YES;
				GCC_WARN_ABOUT_RETURN_TYPE = YES_ERROR;
				GCC_WARN_UNDECLARED_SELECTOR = YES;
				GCC_WARN_UNINITIALIZED_AUTOS = YES_AGGRESSIVE;
				GCC_WARN_UNUSED_FUNCTION = YES;
				GCC_WARN_UNUSED_VARIABLE = YES;
				IPHONEOS_DEPLOYMENT_TARGET = 8.2;
				MTL_ENABLE_DEBUG_INFO = NO;
				SDKROOT = iphoneos;
				VALIDATE_PRODUCT = YES;
			};
			name = Release;
		};
		A9E80F491BDEBF29004B56C1 /* Debug */ = {
			isa = XCBuildConfiguration;
			buildSettings = {
				ASSETCATALOG_COMPILER_APPICON_NAME = AppIcon;
				INFOPLIST_FILE = TwitterCF/Info.plist;
				IPHONEOS_DEPLOYMENT_TARGET = 7.1;
				LD_RUNPATH_SEARCH_PATHS = "$(inherited) @executable_path/Frameworks";
				PRODUCT_BUNDLE_IDENTIFIER = "com.AsteroidBlues.$(PRODUCT_NAME:rfc1034identifier)";
				PRODUCT_NAME = "$(TARGET_NAME)";
			};
			name = Debug;
		};
		A9E80F4A1BDEBF29004B56C1 /* Release */ = {
			isa = XCBuildConfiguration;
			buildSettings = {
				ASSETCATALOG_COMPILER_APPICON_NAME = AppIcon;
				INFOPLIST_FILE = TwitterCF/Info.plist;
				IPHONEOS_DEPLOYMENT_TARGET = 7.1;
				LD_RUNPATH_SEARCH_PATHS = "$(inherited) @executable_path/Frameworks";
				PRODUCT_BUNDLE_IDENTIFIER = "com.AsteroidBlues.$(PRODUCT_NAME:rfc1034identifier)";
				PRODUCT_NAME = "$(TARGET_NAME)";
			};
			name = Release;
		};
		A9E80F4C1BDEBF29004B56C1 /* Debug */ = {
			isa = XCBuildConfiguration;
			buildSettings = {
				BUNDLE_LOADER = "$(TEST_HOST)";
				FRAMEWORK_SEARCH_PATHS = (
					"$(SDKROOT)/Developer/Library/Frameworks",
					"$(inherited)",
				);
				GCC_PREPROCESSOR_DEFINITIONS = (
					"DEBUG=1",
					"$(inherited)",
				);
				INFOPLIST_FILE = TwitterCFTests/Info.plist;
				LD_RUNPATH_SEARCH_PATHS = "$(inherited) @executable_path/Frameworks @loader_path/Frameworks";
				PRODUCT_BUNDLE_IDENTIFIER = "com.AsteroidBlues.$(PRODUCT_NAME:rfc1034identifier)";
				PRODUCT_NAME = "$(TARGET_NAME)";
				TEST_HOST = "$(BUILT_PRODUCTS_DIR)/TwitterCF.app/TwitterCF";
			};
			name = Debug;
		};
		A9E80F4D1BDEBF29004B56C1 /* Release */ = {
			isa = XCBuildConfiguration;
			buildSettings = {
				BUNDLE_LOADER = "$(TEST_HOST)";
				FRAMEWORK_SEARCH_PATHS = (
					"$(SDKROOT)/Developer/Library/Frameworks",
					"$(inherited)",
				);
				INFOPLIST_FILE = TwitterCFTests/Info.plist;
				LD_RUNPATH_SEARCH_PATHS = "$(inherited) @executable_path/Frameworks @loader_path/Frameworks";
				PRODUCT_BUNDLE_IDENTIFIER = "com.AsteroidBlues.$(PRODUCT_NAME:rfc1034identifier)";
				PRODUCT_NAME = "$(TARGET_NAME)";
				TEST_HOST = "$(BUILT_PRODUCTS_DIR)/TwitterCF.app/TwitterCF";
			};
			name = Release;
		};
/* End XCBuildConfiguration section */

/* Begin XCConfigurationList section */
		A9E80F241BDEBF28004B56C1 /* Build configuration list for PBXProject "TwitterCF" */ = {
			isa = XCConfigurationList;
			buildConfigurations = (
				A9E80F461BDEBF29004B56C1 /* Debug */,
				A9E80F471BDEBF29004B56C1 /* Release */,
			);
			defaultConfigurationIsVisible = 0;
			defaultConfigurationName = Release;
		};
		A9E80F481BDEBF29004B56C1 /* Build configuration list for PBXNativeTarget "TwitterCF" */ = {
			isa = XCConfigurationList;
			buildConfigurations = (
				A9E80F491BDEBF29004B56C1 /* Debug */,
				A9E80F4A1BDEBF29004B56C1 /* Release */,
			);
			defaultConfigurationIsVisible = 0;
			defaultConfigurationName = Release;
		};
		A9E80F4B1BDEBF29004B56C1 /* Build configuration list for PBXNativeTarget "TwitterCFTests" */ = {
			isa = XCConfigurationList;
			buildConfigurations = (
				A9E80F4C1BDEBF29004B56C1 /* Debug */,
				A9E80F4D1BDEBF29004B56C1 /* Release */,
			);
			defaultConfigurationIsVisible = 0;
			defaultConfigurationName = Release;
		};
/* End XCConfigurationList section */
	};
	rootObject = A9E80F211BDEBF28004B56C1 /* Project object */;
}
